{
  "name": "@asmodee/werewolf-wechat",
  "version": "0.2.0",
  "lockfileVersion": 1,
  "requires": true,
  "dependencies": {
    "@asmodee/werewolf-core": {
      "version": "0.1.3",
      "resolved": "https://registry.npmjs.org/@asmodee/werewolf-core/-/werewolf-core-0.1.3.tgz",
      "integrity": "sha512-eeXEsWiEvcEy2QoQZFVi2be/OxUKA27qDFE7wclBnRjH5cilNplxURJ1V/i5whHJjABp6o7MPm8f9gsbfvCLyg==",
      "requires": {
        "@types/node": "^12.12.53"
      }
    },
    "@types/node": {
      "version": "12.12.54",
      "resolved": "https://registry.npmjs.org/@types/node/-/node-12.12.54.tgz",
      "integrity": "sha512-ge4xZ3vSBornVYlDnk7yZ0gK6ChHf/CHB7Gl1I0Jhah8DDnEQqBzgohYG4FX4p81TNirSETOiSyn+y1r9/IR6w=="
    },
    "miniprogram-api-typings": {
      "version": "3.0.2",
      "resolved": "https://registry.npmjs.org/miniprogram-api-typings/-/miniprogram-api-typings-3.0.2.tgz",
      "integrity": "sha512-obKmJLMh0bnbQ+OXIe3C+72bbo6seMWF5Pho+mSrlMKqAbO++L1zmIaRmBGAp12SmyUSdI3XzXHB+OGh4LWbeQ==",
      "dev": true
    },
    "typescript": {
      "version": "3.9.7",
      "resolved": "https://registry.npmjs.org/typescript/-/typescript-3.9.7.tgz",
      "integrity": "sha512-BLbiRkiBzAwsjut4x/dsibSTB6yWpwT5qWmC2OfuCg3GgVQCSgMs4vEctYPhsaGtd0AeuuHMkjZ2h2WG8MSzRw==",
      "dev": true
    }
  }
}
